
Microsoft Visual Studio Solution File, Format Version 12.00
# Visual Studio Version 17
VisualStudioVersion = 17.9.34723.18
MinimumVisualStudioVersion = 10.0.40219.1
Project("{FAE04EC0-301F-11D3-BF4B-00C04F79EFBC}") = "Entering", "Entering.csproj", "{1CAC922C-E8D2-403B-A4FF-F9E41222D340}"
EndProject
Global
	GlobalSection(SolutionConfigurationPlatforms) = preSolution
		Debug|Any CPU = Debug|Any CPU
		Release|Any CPU = Release|Any CPU
	EndGlobalSection
	GlobalSection(ProjectConfigurationPlatforms) = postSolution
		{1CAC922C-E8D2-403B-A4FF-F9E41222D340}.Debug|Any CPU.ActiveCfg = Debug|Any CPU
		{1CAC922C-E8D2-403B-A4FF-F9E41222D340}.Debug|Any CPU.Build.0 = Debug|Any CPU
		{1CAC922C-E8D2-403B-A4FF-F9E41222D340}.Release|Any CPU.ActiveCfg = Release|Any CPU
		{1CAC922C-E8D2-403B-A4FF-F9E41222D340}.Release|Any CPU.Build.0 = Release|Any CPU
	EndGlobalSection
	GlobalSection(SolutionProperties) = preSolution
		HideSolutionNode = FALSE
	EndGlobalSection
	GlobalSection(ExtensibilityGlobals) = postSolution
		SolutionGuid = {DB7F1426-1F43-4D6A-8AE6-92A254BAE24B}
	EndGlobalSection
EndGlobal
